// !$*UTF8*$!
{
	archiveVersion = 1;
	classes = {
	};
	objectVersion = 56;
	objects = {

/* Begin PBXBuildFile section */
		AB138A692BC3C86000C40A94 /* AppDelegate.swift in Sources */ = {isa = PBXBuildFile; fileRef = AB138A682BC3C86000C40A94 /* AppDelegate.swift */; };
		AB138A6B2BC3C86000C40A94 /* SceneDelegate.swift in Sources */ = {isa = PBXBuildFile; fileRef = AB138A6A2BC3C86000C40A94 /* SceneDelegate.swift */; };
		AB138A6D2BC3C86000C40A94 /* ViewController.swift in Sources */ = {isa = PBXBuildFile; fileRef = AB138A6C2BC3C86000C40A94 /* ViewController.swift */; };
		AB138A702BC3C86000C40A94 /* Main.storyboard in Resources */ = {isa = PBXBuildFile; fileRef = AB138A6E2BC3C86000C40A94 /* Main.storyboard */; };
		AB138A732BC3C86000C40A94 /* CoreDataTest.xcdatamodeld in Sources */ = {isa = PBXBuildFile; fileRef = AB138A712BC3C86000C40A94 /* CoreDataTest.xcdatamodeld */; };
		AB138A752BC3C86100C40A94 /* Assets.xcassets in Resources */ = {isa = PBXBuildFile; fileRef = AB138A742BC3C86100C40A94 /* Assets.xcassets */; };
		AB138A782BC3C86100C40A94 /* LaunchScreen.storyboard in Resources */ = {isa = PBXBuildFile; fileRef = AB138A762BC3C86100C40A94 /* LaunchScreen.storyboard */; };
		AB138A832BC3C86200C40A94 /* CoreDataTestTests.swift in Sources */ = {isa = PBXBuildFile; fileRef = AB138A822BC3C86200C40A94 /* CoreDataTestTests.swift */; };
		AB138A8D2BC3C86200C40A94 /* CoreDataTestUITests.swift in Sources */ = {isa = PBXBuildFile; fileRef = AB138A8C2BC3C86200C40A94 /* CoreDataTestUITests.swift */; };
		AB138A8F2BC3C86200C40A94 /* CoreDataTestUITestsLaunchTests.swift in Sources */ = {isa = PBXBuildFile; fileRef = AB138A8E2BC3C86200C40A94 /* CoreDataTestUITestsLaunchTests.swift */; };
		AB754CFB2C05CC3200E09C4D /* ManualMigrator.swift in Sources */ = {isa = PBXBuildFile; fileRef = AB754CFA2C05CC3200E09C4D /* ManualMigrator.swift */; };
		AB754CFE2C05ECF500E09C4D /* CreateTemporaryStoreStage.swift in Sources */ = {isa = PBXBuildFile; fileRef = AB754CFD2C05ECF500E09C4D /* CreateTemporaryStoreStage.swift */; };
		AB754D002C05EE0800E09C4D /* DefaultMigrationStage.swift in Sources */ = {isa = PBXBuildFile; fileRef = AB754CFF2C05EE0800E09C4D /* DefaultMigrationStage.swift */; };
		AB754D022C05EE5800E09C4D /* CustomMigrationStage.swift in Sources */ = {isa = PBXBuildFile; fileRef = AB754D012C05EE5800E09C4D /* CustomMigrationStage.swift */; };
		AB754D042C05F00B00E09C4D /* PostCheckStage.swift in Sources */ = {isa = PBXBuildFile; fileRef = AB754D032C05F00B00E09C4D /* PostCheckStage.swift */; };
		AB754D062C05F2B700E09C4D /* CleanStage.swift in Sources */ = {isa = PBXBuildFile; fileRef = AB754D052C05F2B700E09C4D /* CleanStage.swift */; };
		AB754D092C0EABF400E09C4D /* MigrationMeta.xcdatamodeld in Sources */ = {isa = PBXBuildFile; fileRef = AB754D072C0EABF300E09C4D /* MigrationMeta.xcdatamodeld */; };
		AB754D0C2C0EC79C00E09C4D /* MigrateRecord.swift in Sources */ = {isa = PBXBuildFile; fileRef = AB754D0B2C0EC79C00E09C4D /* MigrateRecord.swift */; };
		AB754D0E2C1019BF00E09C4D /* MigrateProgress.swift in Sources */ = {isa = PBXBuildFile; fileRef = AB754D0D2C1019BF00E09C4D /* MigrateProgress.swift */; };
		AB754D102C10746F00E09C4D /* ManualMigration+Definition.swift in Sources */ = {isa = PBXBuildFile; fileRef = AB754D0F2C10746E00E09C4D /* ManualMigration+Definition.swift */; };
		ABB45CFC2BCFC31700B30B79 /* data.gif in Resources */ = {isa = PBXBuildFile; fileRef = ABB45CFB2BCFC31700B30B79 /* data.gif */; };
		ABB45D032BCFD34D00B30B79 /* text.log in Resources */ = {isa = PBXBuildFile; fileRef = ABB45D022BCFD34D00B30B79 /* text.log */; };
		ABB45D0E2BD1370E00B30B79 /* v1_to_v2.xcmappingmodel in Sources */ = {isa = PBXBuildFile; fileRef = ABB45D0D2BD1370E00B30B79 /* v1_to_v2.xcmappingmodel */; };
/* End PBXBuildFile section */

/* Begin PBXContainerItemProxy section */
		AB138A7F2BC3C86200C40A94 /* PBXContainerItemProxy */ = {
			isa = PBXContainerItemProxy;
			containerPortal = AB138A5D2BC3C86000C40A94 /* Project object */;
			proxyType = 1;
			remoteGlobalIDString = AB138A642BC3C86000C40A94;
			remoteInfo = CoreDataTest;
		};
		AB138A892BC3C86200C40A94 /* PBXContainerItemProxy */ = {
			isa = PBXContainerItemProxy;
			containerPortal = AB138A5D2BC3C86000C40A94 /* Project object */;
			proxyType = 1;
			remoteGlobalIDString = AB138A642BC3C86000C40A94;
			remoteInfo = CoreDataTest;
		};
/* End PBXContainerItemProxy section */

/* Begin PBXFileReference section */
		AB138A652BC3C86000C40A94 /* CoreDataTest.app */ = {isa = PBXFileReference; explicitFileType = wrapper.application; includeInIndex = 0; path = CoreDataTest.app; sourceTree = BUILT_PRODUCTS_DIR; };
		AB138A682BC3C86000C40A94 /* AppDelegate.swift */ = {isa = PBXFileReference; lastKnownFileType = sourcecode.swift; path = AppDelegate.swift; sourceTree = "<group>"; };
		AB138A6A2BC3C86000C40A94 /* SceneDelegate.swift */ = {isa = PBXFileReference; lastKnownFileType = sourcecode.swift; path = SceneDelegate.swift; sourceTree = "<group>"; };
		AB138A6C2BC3C86000C40A94 /* ViewController.swift */ = {isa = PBXFileReference; lastKnownFileType = sourcecode.swift; path = ViewController.swift; sourceTree = "<group>"; };
		AB138A6F2BC3C86000C40A94 /* Base */ = {isa = PBXFileReference; lastKnownFileType = file.storyboard; name = Base; path = Base.lproj/Main.storyboard; sourceTree = "<group>"; };
		AB138A722BC3C86000C40A94 /* CoreDataTest.xcdatamodel */ = {isa = PBXFileReference; lastKnownFileType = wrapper.xcdatamodel; path = CoreDataTest.xcdatamodel; sourceTree = "<group>"; };
		AB138A742BC3C86100C40A94 /* Assets.xcassets */ = {isa = PBXFileReference; lastKnownFileType = folder.assetcatalog; path = Assets.xcassets; sourceTree = "<group>"; };
		AB138A772BC3C86100C40A94 /* Base */ = {isa = PBXFileReference; lastKnownFileType = file.storyboard; name = Base; path = Base.lproj/LaunchScreen.storyboard; sourceTree = "<group>"; };
		AB138A792BC3C86100C40A94 /* Info.plist */ = {isa = PBXFileReference; lastKnownFileType = text.plist.xml; path = Info.plist; sourceTree = "<group>"; };
		AB138A7E2BC3C86200C40A94 /* CoreDataTestTests.xctest */ = {isa = PBXFileReference; explicitFileType = wrapper.cfbundle; includeInIndex = 0; path = CoreDataTestTests.xctest; sourceTree = BUILT_PRODUCTS_DIR; };
		AB138A822BC3C86200C40A94 /* CoreDataTestTests.swift */ = {isa = PBXFileReference; lastKnownFileType = sourcecode.swift; path = CoreDataTestTests.swift; sourceTree = "<group>"; };
		AB138A882BC3C86200C40A94 /* CoreDataTestUITests.xctest */ = {isa = PBXFileReference; explicitFileType = wrapper.cfbundle; includeInIndex = 0; path = CoreDataTestUITests.xctest; sourceTree = BUILT_PRODUCTS_DIR; };
		AB138A8C2BC3C86200C40A94 /* CoreDataTestUITests.swift */ = {isa = PBXFileReference; lastKnownFileType = sourcecode.swift; path = CoreDataTestUITests.swift; sourceTree = "<group>"; };
		AB138A8E2BC3C86200C40A94 /* CoreDataTestUITestsLaunchTests.swift */ = {isa = PBXFileReference; lastKnownFileType = sourcecode.swift; path = CoreDataTestUITestsLaunchTests.swift; sourceTree = "<group>"; };
		AB138A9B2BC3CC0E00C40A94 /* CoreDataTest v2.xcdatamodel */ = {isa = PBXFileReference; lastKnownFileType = wrapper.xcdatamodel; path = "CoreDataTest v2.xcdatamodel"; sourceTree = "<group>"; };
		AB754CFA2C05CC3200E09C4D /* ManualMigrator.swift */ = {isa = PBXFileReference; lastKnownFileType = sourcecode.swift; path = ManualMigrator.swift; sourceTree = "<group>"; };
		AB754CFD2C05ECF500E09C4D /* CreateTemporaryStoreStage.swift */ = {isa = PBXFileReference; lastKnownFileType = sourcecode.swift; path = CreateTemporaryStoreStage.swift; sourceTree = "<group>"; };
		AB754CFF2C05EE0800E09C4D /* DefaultMigrationStage.swift */ = {isa = PBXFileReference; lastKnownFileType = sourcecode.swift; path = DefaultMigrationStage.swift; sourceTree = "<group>"; };
		AB754D012C05EE5800E09C4D /* CustomMigrationStage.swift */ = {isa = PBXFileReference; lastKnownFileType = sourcecode.swift; path = CustomMigrationStage.swift; sourceTree = "<group>"; };
		AB754D032C05F00B00E09C4D /* PostCheckStage.swift */ = {isa = PBXFileReference; lastKnownFileType = sourcecode.swift; path = PostCheckStage.swift; sourceTree = "<group>"; };
		AB754D052C05F2B700E09C4D /* CleanStage.swift */ = {isa = PBXFileReference; lastKnownFileType = sourcecode.swift; path = CleanStage.swift; sourceTree = "<group>"; };
		AB754D082C0EABF300E09C4D /* MigrationMeta.xcdatamodel */ = {isa = PBXFileReference; lastKnownFileType = wrapper.xcdatamodel; path = MigrationMeta.xcdatamodel; sourceTree = "<group>"; };
		AB754D0B2C0EC79C00E09C4D /* MigrateRecord.swift */ = {isa = PBXFileReference; lastKnownFileType = sourcecode.swift; path = MigrateRecord.swift; sourceTree = "<group>"; };
		AB754D0D2C1019BF00E09C4D /* MigrateProgress.swift */ = {isa = PBXFileReference; lastKnownFileType = sourcecode.swift; path = MigrateProgress.swift; sourceTree = "<group>"; };
		AB754D0F2C10746E00E09C4D /* ManualMigration+Definition.swift */ = {isa = PBXFileReference; lastKnownFileType = sourcecode.swift; path = "ManualMigration+Definition.swift"; sourceTree = "<group>"; };
		ABB45CFB2BCFC31700B30B79 /* data.gif */ = {isa = PBXFileReference; lastKnownFileType = image.gif; path = data.gif; sourceTree = "<group>"; };
		ABB45D022BCFD34D00B30B79 /* text.log */ = {isa = PBXFileReference; fileEncoding = 4; lastKnownFileType = text; path = text.log; sourceTree = "<group>"; };
		ABB45D0D2BD1370E00B30B79 /* v1_to_v2.xcmappingmodel */ = {isa = PBXFileReference; lastKnownFileType = wrapper.xcmappingmodel; path = v1_to_v2.xcmappingmodel; sourceTree = "<group>"; };
/* End PBXFileReference section */

/* Begin PBXFrameworksBuildPhase section */
		AB138A622BC3C86000C40A94 /* Frameworks */ = {
			isa = PBXFrameworksBuildPhase;
			buildActionMask = 2147483647;
			files = (
			);
			runOnlyForDeploymentPostprocessing = 0;
		};
		AB138A7B2BC3C86200C40A94 /* Frameworks */ = {
			isa = PBXFrameworksBuildPhase;
			buildActionMask = 2147483647;
			files = (
			);
			runOnlyForDeploymentPostprocessing = 0;
		};
		AB138A852BC3C86200C40A94 /* Frameworks */ = {
			isa = PBXFrameworksBuildPhase;
			buildActionMask = 2147483647;
			files = (
			);
			runOnlyForDeploymentPostprocessing = 0;
		};
/* End PBXFrameworksBuildPhase section */

/* Begin PBXGroup section */
		AB138A5C2BC3C86000C40A94 = {
			isa = PBXGroup;
			children = (
				AB138A672BC3C86000C40A94 /* CoreDataTest */,
				AB138A812BC3C86200C40A94 /* CoreDataTestTests */,
				AB138A8B2BC3C86200C40A94 /* CoreDataTestUITests */,
				AB138A662BC3C86000C40A94 /* Products */,
			);
			indentWidth = 2;
			sourceTree = "<group>";
			tabWidth = 2;
		};
		AB138A662BC3C86000C40A94 /* Products */ = {
			isa = PBXGroup;
			children = (
				AB138A652BC3C86000C40A94 /* CoreDataTest.app */,
				AB138A7E2BC3C86200C40A94 /* CoreDataTestTests.xctest */,
				AB138A882BC3C86200C40A94 /* CoreDataTestUITests.xctest */,
			);
			name = Products;
			sourceTree = "<group>";
		};
		AB138A672BC3C86000C40A94 /* CoreDataTest */ = {
			isa = PBXGroup;
			children = (
				AB754CF92C05CC1C00E09C4D /* Manual Migration */,
				AB138A682BC3C86000C40A94 /* AppDelegate.swift */,
				AB138A6A2BC3C86000C40A94 /* SceneDelegate.swift */,
				AB138A6C2BC3C86000C40A94 /* ViewController.swift */,
				AB138A6E2BC3C86000C40A94 /* Main.storyboard */,
				AB138A742BC3C86100C40A94 /* Assets.xcassets */,
				AB138A762BC3C86100C40A94 /* LaunchScreen.storyboard */,
				AB138A792BC3C86100C40A94 /* Info.plist */,
				ABB45D022BCFD34D00B30B79 /* text.log */,
				ABB45D0D2BD1370E00B30B79 /* v1_to_v2.xcmappingmodel */,
				ABB45CFB2BCFC31700B30B79 /* data.gif */,
				AB138A712BC3C86000C40A94 /* CoreDataTest.xcdatamodeld */,
			);
			path = CoreDataTest;
			sourceTree = "<group>";
		};
		AB138A812BC3C86200C40A94 /* CoreDataTestTests */ = {
			isa = PBXGroup;
			children = (
				AB138A822BC3C86200C40A94 /* CoreDataTestTests.swift */,
			);
			path = CoreDataTestTests;
			sourceTree = "<group>";
		};
		AB138A8B2BC3C86200C40A94 /* CoreDataTestUITests */ = {
			isa = PBXGroup;
			children = (
				AB138A8C2BC3C86200C40A94 /* CoreDataTestUITests.swift */,
				AB138A8E2BC3C86200C40A94 /* CoreDataTestUITestsLaunchTests.swift */,
			);
			path = CoreDataTestUITests;
			sourceTree = "<group>";
		};
		AB754CF92C05CC1C00E09C4D /* Manual Migration */ = {
			isa = PBXGroup;
			children = (
				AB754D0A2C0EC78D00E09C4D /* Meta */,
				AB754CFC2C05ECDD00E09C4D /* Stages */,
				AB754CFA2C05CC3200E09C4D /* ManualMigrator.swift */,
				AB754D0F2C10746E00E09C4D /* ManualMigration+Definition.swift */,
				AB754D072C0EABF300E09C4D /* MigrationMeta.xcdatamodeld */,
			);
			path = "Manual Migration";
			sourceTree = "<group>";
		};
		AB754CFC2C05ECDD00E09C4D /* Stages */ = {
			isa = PBXGroup;
			children = (
				AB754CFD2C05ECF500E09C4D /* CreateTemporaryStoreStage.swift */,
				AB754CFF2C05EE0800E09C4D /* DefaultMigrationStage.swift */,
				AB754D012C05EE5800E09C4D /* CustomMigrationStage.swift */,
				AB754D032C05F00B00E09C4D /* PostCheckStage.swift */,
				AB754D052C05F2B700E09C4D /* CleanStage.swift */,
			);
			path = Stages;
			sourceTree = "<group>";
		};
		AB754D0A2C0EC78D00E09C4D /* Meta */ = {
			isa = PBXGroup;
			children = (
				AB754D0B2C0EC79C00E09C4D /* MigrateRecord.swift */,
				AB754D0D2C1019BF00E09C4D /* MigrateProgress.swift */,
			);
			path = Meta;
			sourceTree = "<group>";
		};
/* End PBXGroup section */

/* Begin PBXNativeTarget section */
		AB138A642BC3C86000C40A94 /* CoreDataTest */ = {
			isa = PBXNativeTarget;
			buildConfigurationList = AB138A922BC3C86200C40A94 /* Build configuration list for PBXNativeTarget "CoreDataTest" */;
			buildPhases = (
				AB138A612BC3C86000C40A94 /* Sources */,
				AB138A622BC3C86000C40A94 /* Frameworks */,
				AB138A632BC3C86000C40A94 /* Resources */,
			);
			buildRules = (
			);
			dependencies = (
			);
			name = CoreDataTest;
			productName = CoreDataTest;
			productReference = AB138A652BC3C86000C40A94 /* CoreDataTest.app */;
			productType = "com.apple.product-type.application";
		};
		AB138A7D2BC3C86200C40A94 /* CoreDataTestTests */ = {
			isa = PBXNativeTarget;
			buildConfigurationList = AB138A952BC3C86200C40A94 /* Build configuration list for PBXNativeTarget "CoreDataTestTests" */;
			buildPhases = (
				AB138A7A2BC3C86200C40A94 /* Sources */,
				AB138A7B2BC3C86200C40A94 /* Frameworks */,
				AB138A7C2BC3C86200C40A94 /* Resources */,
			);
			buildRules = (
			);
			dependencies = (
				AB138A802BC3C86200C40A94 /* PBXTargetDependency */,
			);
			name = CoreDataTestTests;
			productName = CoreDataTestTests;
			productReference = AB138A7E2BC3C86200C40A94 /* CoreDataTestTests.xctest */;
			productType = "com.apple.product-type.bundle.unit-test";
		};
		AB138A872BC3C86200C40A94 /* CoreDataTestUITests */ = {
			isa = PBXNativeTarget;
			buildConfigurationList = AB138A982BC3C86200C40A94 /* Build configuration list for PBXNativeTarget "CoreDataTestUITests" */;
			buildPhases = (
				AB138A842BC3C86200C40A94 /* Sources */,
				AB138A852BC3C86200C40A94 /* Frameworks */,
				AB138A862BC3C86200C40A94 /* Resources */,
			);
			buildRules = (
			);
			dependencies = (
				AB138A8A2BC3C86200C40A94 /* PBXTargetDependency */,
			);
			name = CoreDataTestUITests;
			productName = CoreDataTestUITests;
			productReference = AB138A882BC3C86200C40A94 /* CoreDataTestUITests.xctest */;
			productType = "com.apple.product-type.bundle.ui-testing";
		};
/* End PBXNativeTarget section */

/* Begin PBXProject section */
		AB138A5D2BC3C86000C40A94 /* Project object */ = {
			isa = PBXProject;
			attributes = {
				BuildIndependentTargetsInParallel = 1;
				LastSwiftUpdateCheck = 1500;
				LastUpgradeCheck = 1500;
				TargetAttributes = {
					AB138A642BC3C86000C40A94 = {
						CreatedOnToolsVersion = 15.0;
					};
					AB138A7D2BC3C86200C40A94 = {
						CreatedOnToolsVersion = 15.0;
						TestTargetID = AB138A642BC3C86000C40A94;
					};
					AB138A872BC3C86200C40A94 = {
						CreatedOnToolsVersion = 15.0;
						TestTargetID = AB138A642BC3C86000C40A94;
					};
				};
			};
			buildConfigurationList = AB138A602BC3C86000C40A94 /* Build configuration list for PBXProject "CoreDataTest" */;
			compatibilityVersion = "Xcode 14.0";
			developmentRegion = en;
			hasScannedForEncodings = 0;
			knownRegions = (
				en,
				Base,
			);
			mainGroup = AB138A5C2BC3C86000C40A94;
			productRefGroup = AB138A662BC3C86000C40A94 /* Products */;
			projectDirPath = "";
			projectRoot = "";
			targets = (
				AB138A642BC3C86000C40A94 /* CoreDataTest */,
				AB138A7D2BC3C86200C40A94 /* CoreDataTestTests */,
				AB138A872BC3C86200C40A94 /* CoreDataTestUITests */,
			);
		};
/* End PBXProject section */

/* Begin PBXResourcesBuildPhase section */
		AB138A632BC3C86000C40A94 /* Resources */ = {
			isa = PBXResourcesBuildPhase;
			buildActionMask = 2147483647;
			files = (
				ABB45CFC2BCFC31700B30B79 /* data.gif in Resources */,
				AB138A782BC3C86100C40A94 /* LaunchScreen.storyboard in Resources */,
				AB138A752BC3C86100C40A94 /* Assets.xcassets in Resources */,
				AB138A702BC3C86000C40A94 /* Main.storyboard in Resources */,
				ABB45D032BCFD34D00B30B79 /* text.log in Resources */,
			);
			runOnlyForDeploymentPostprocessing = 0;
		};
		AB138A7C2BC3C86200C40A94 /* Resources */ = {
			isa = PBXResourcesBuildPhase;
			buildActionMask = 2147483647;
			files = (
			);
			runOnlyForDeploymentPostprocessing = 0;
		};
		AB138A862BC3C86200C40A94 /* Resources */ = {
			isa = PBXResourcesBuildPhase;
			buildActionMask = 2147483647;
			files = (
			);
			runOnlyForDeploymentPostprocessing = 0;
		};
/* End PBXResourcesBuildPhase section */

/* Begin PBXSourcesBuildPhase section */
		AB138A612BC3C86000C40A94 /* Sources */ = {
			isa = PBXSourcesBuildPhase;
			buildActionMask = 2147483647;
			files = (
				AB754CFB2C05CC3200E09C4D /* ManualMigrator.swift in Sources */,
				AB754D002C05EE0800E09C4D /* DefaultMigrationStage.swift in Sources */,
				AB138A732BC3C86000C40A94 /* CoreDataTest.xcdatamodeld in Sources */,
				AB754CFE2C05ECF500E09C4D /* CreateTemporaryStoreStage.swift in Sources */,
				AB138A6D2BC3C86000C40A94 /* ViewController.swift in Sources */,
				AB754D042C05F00B00E09C4D /* PostCheckStage.swift in Sources */,
				AB138A692BC3C86000C40A94 /* AppDelegate.swift in Sources */,
				AB138A6B2BC3C86000C40A94 /* SceneDelegate.swift in Sources */,
				AB754D062C05F2B700E09C4D /* CleanStage.swift in Sources */,
				ABB45D0E2BD1370E00B30B79 /* v1_to_v2.xcmappingmodel in Sources */,
				AB754D102C10746F00E09C4D /* ManualMigration+Definition.swift in Sources */,
				AB754D022C05EE5800E09C4D /* CustomMigrationStage.swift in Sources */,
				AB754D0C2C0EC79C00E09C4D /* MigrateRecord.swift in Sources */,
				AB754D0E2C1019BF00E09C4D /* MigrateProgress.swift in Sources */,
				AB754D092C0EABF400E09C4D /* MigrationMeta.xcdatamodeld in Sources */,
			);
			runOnlyForDeploymentPostprocessing = 0;
		};
		AB138A7A2BC3C86200C40A94 /* Sources */ = {
			isa = PBXSourcesBuildPhase;
			buildActionMask = 2147483647;
			files = (
				AB138A832BC3C86200C40A94 /* CoreDataTestTests.swift in Sources */,
			);
			runOnlyForDeploymentPostprocessing = 0;
		};
		AB138A842BC3C86200C40A94 /* Sources */ = {
			isa = PBXSourcesBuildPhase;
			buildActionMask = 2147483647;
			files = (
				AB138A8D2BC3C86200C40A94 /* CoreDataTestUITests.swift in Sources */,
				AB138A8F2BC3C86200C40A94 /* CoreDataTestUITestsLaunchTests.swift in Sources */,
			);
			runOnlyForDeploymentPostprocessing = 0;
		};
/* End PBXSourcesBuildPhase section */

/* Begin PBXTargetDependency section */
		AB138A802BC3C86200C40A94 /* PBXTargetDependency */ = {
			isa = PBXTargetDependency;
			target = AB138A642BC3C86000C40A94 /* CoreDataTest */;
			targetProxy = AB138A7F2BC3C86200C40A94 /* PBXContainerItemProxy */;
		};
		AB138A8A2BC3C86200C40A94 /* PBXTargetDependency */ = {
			isa = PBXTargetDependency;
			target = AB138A642BC3C86000C40A94 /* CoreDataTest */;
			targetProxy = AB138A892BC3C86200C40A94 /* PBXContainerItemProxy */;
		};
/* End PBXTargetDependency section */

/* Begin PBXVariantGroup section */
		AB138A6E2BC3C86000C40A94 /* Main.storyboard */ = {
			isa = PBXVariantGroup;
			children = (
				AB138A6F2BC3C86000C40A94 /* Base */,
			);
			name = Main.storyboard;
			sourceTree = "<group>";
		};
		AB138A762BC3C86100C40A94 /* LaunchScreen.storyboard */ = {
			isa = PBXVariantGroup;
			children = (
				AB138A772BC3C86100C40A94 /* Base */,
			);
			name = LaunchScreen.storyboard;
			sourceTree = "<group>";
		};
/* End PBXVariantGroup section */

/* Begin XCBuildConfiguration section */
		AB138A902BC3C86200C40A94 /* Debug */ = {
			isa = XCBuildConfiguration;
			buildSettings = {
				ALWAYS_SEARCH_USER_PATHS = NO;
				ASSETCATALOG_COMPILER_GENERATE_SWIFT_ASSET_SYMBOL_EXTENSIONS = YES;
				CLANG_ANALYZER_NONNULL = YES;
				CLANG_ANALYZER_NUMBER_OBJECT_CONVERSION = YES_AGGRESSIVE;
				CLANG_CXX_LANGUAGE_STANDARD = "gnu++20";
				CLANG_ENABLE_MODULES = YES;
				CLANG_ENABLE_OBJC_ARC = YES;
				CLANG_ENABLE_OBJC_WEAK = YES;
				CLANG_WARN_BLOCK_CAPTURE_AUTORELEASING = YES;
				CLANG_WARN_BOOL_CONVERSION = YES;
				CLANG_WARN_COMMA = YES;
				CLANG_WARN_CONSTANT_CONVERSION = YES;
				CLANG_WARN_DEPRECATED_OBJC_IMPLEMENTATIONS = YES;
				CLANG_WARN_DIRECT_OBJC_ISA_USAGE = YES_ERROR;
				CLANG_WARN_DOCUMENTATION_COMMENTS = YES;
				CLANG_WARN_EMPTY_BODY = YES;
				CLANG_WARN_ENUM_CONVERSION = YES;
				CLANG_WARN_INFINITE_RECURSION = YES;
				CLANG_WARN_INT_CONVERSION = YES;
				CLANG_WARN_NON_LITERAL_NULL_CONVERSION = YES;
				CLANG_WARN_OBJC_IMPLICIT_RETAIN_SELF = YES;
				CLANG_WARN_OBJC_LITERAL_CONVERSION = YES;
				CLANG_WARN_OBJC_ROOT_CLASS = YES_ERROR;
				CLANG_WARN_QUOTED_INCLUDE_IN_FRAMEWORK_HEADER = YES;
				CLANG_WARN_RANGE_LOOP_ANALYSIS = YES;
				CLANG_WARN_STRICT_PROTOTYPES = YES;
				CLANG_WARN_SUSPICIOUS_MOVE = YES;
				CLANG_WARN_UNGUARDED_AVAILABILITY = YES_AGGRESSIVE;
				CLANG_WARN_UNREACHABLE_CODE = YES;
				CLANG_WARN__DUPLICATE_METHOD_MATCH = YES;
				COPY_PHASE_STRIP = NO;
				DEBUG_INFORMATION_FORMAT = dwarf;
				ENABLE_STRICT_OBJC_MSGSEND = YES;
				ENABLE_TESTABILITY = YES;
				ENABLE_USER_SCRIPT_SANDBOXING = YES;
				GCC_C_LANGUAGE_STANDARD = gnu17;
				GCC_DYNAMIC_NO_PIC = NO;
				GCC_NO_COMMON_BLOCKS = YES;
				GCC_OPTIMIZATION_LEVEL = 0;
				GCC_PREPROCESSOR_DEFINITIONS = (
					"DEBUG=1",
					"$(inherited)",
				);
				GCC_WARN_64_TO_32_BIT_CONVERSION = YES;
				GCC_WARN_ABOUT_RETURN_TYPE = YES_ERROR;
				GCC_WARN_UNDECLARED_SELECTOR = YES;
				GCC_WARN_UNINITIALIZED_AUTOS = YES_AGGRESSIVE;
				GCC_WARN_UNUSED_FUNCTION = YES;
				GCC_WARN_UNUSED_VARIABLE = YES;
				IPHONEOS_DEPLOYMENT_TARGET = 17.0;
				LOCALIZATION_PREFERS_STRING_CATALOGS = YES;
				MTL_ENABLE_DEBUG_INFO = INCLUDE_SOURCE;
				MTL_FAST_MATH = YES;
				ONLY_ACTIVE_ARCH = YES;
				SDKROOT = iphoneos;
				SWIFT_ACTIVE_COMPILATION_CONDITIONS = "DEBUG $(inherited)";
				SWIFT_OPTIMIZATION_LEVEL = "-Onone";
			};
			name = Debug;
		};
		AB138A912BC3C86200C40A94 /* Release */ = {
			isa = XCBuildConfiguration;
			buildSettings = {
				ALWAYS_SEARCH_USER_PATHS = NO;
				ASSETCATALOG_COMPILER_GENERATE_SWIFT_ASSET_SYMBOL_EXTENSIONS = YES;
				CLANG_ANALYZER_NONNULL = YES;
				CLANG_ANALYZER_NUMBER_OBJECT_CONVERSION = YES_AGGRESSIVE;
				CLANG_CXX_LANGUAGE_STANDARD = "gnu++20";
				CLANG_ENABLE_MODULES = YES;
				CLANG_ENABLE_OBJC_ARC = YES;
				CLANG_ENABLE_OBJC_WEAK = YES;
				CLANG_WARN_BLOCK_CAPTURE_AUTORELEASING = YES;
				CLANG_WARN_BOOL_CONVERSION = YES;
				CLANG_WARN_COMMA = YES;
				CLANG_WARN_CONSTANT_CONVERSION = YES;
				CLANG_WARN_DEPRECATED_OBJC_IMPLEMENTATIONS = YES;
				CLANG_WARN_DIRECT_OBJC_ISA_USAGE = YES_ERROR;
				CLANG_WARN_DOCUMENTATION_COMMENTS = YES;
				CLANG_WARN_EMPTY_BODY = YES;
				CLANG_WARN_ENUM_CONVERSION = YES;
				CLANG_WARN_INFINITE_RECURSION = YES;
				CLANG_WARN_INT_CONVERSION = YES;
				CLANG_WARN_NON_LITERAL_NULL_CONVERSION = YES;
				CLANG_WARN_OBJC_IMPLICIT_RETAIN_SELF = YES;
				CLANG_WARN_OBJC_LITERAL_CONVERSION = YES;
				CLANG_WARN_OBJC_ROOT_CLASS = YES_ERROR;
				CLANG_WARN_QUOTED_INCLUDE_IN_FRAMEWORK_HEADER = YES;
				CLANG_WARN_RANGE_LOOP_ANALYSIS = YES;
				CLANG_WARN_STRICT_PROTOTYPES = YES;
				CLANG_WARN_SUSPICIOUS_MOVE = YES;
				CLANG_WARN_UNGUARDED_AVAILABILITY = YES_AGGRESSIVE;
				CLANG_WARN_UNREACHABLE_CODE = YES;
				CLANG_WARN__DUPLICATE_METHOD_MATCH = YES;
				COPY_PHASE_STRIP = NO;
				DEBUG_INFORMATION_FORMAT = "dwarf-with-dsym";
				ENABLE_NS_ASSERTIONS = NO;
				ENABLE_STRICT_OBJC_MSGSEND = YES;
				ENABLE_USER_SCRIPT_SANDBOXING = YES;
				GCC_C_LANGUAGE_STANDARD = gnu17;
				GCC_NO_COMMON_BLOCKS = YES;
				GCC_WARN_64_TO_32_BIT_CONVERSION = YES;
				GCC_WARN_ABOUT_RETURN_TYPE = YES_ERROR;
				GCC_WARN_UNDECLARED_SELECTOR = YES;
				GCC_WARN_UNINITIALIZED_AUTOS = YES_AGGRESSIVE;
				GCC_WARN_UNUSED_FUNCTION = YES;
				GCC_WARN_UNUSED_VARIABLE = YES;
				IPHONEOS_DEPLOYMENT_TARGET = 17.0;
				LOCALIZATION_PREFERS_STRING_CATALOGS = YES;
				MTL_ENABLE_DEBUG_INFO = NO;
				MTL_FAST_MATH = YES;
				SDKROOT = iphoneos;
				SWIFT_COMPILATION_MODE = wholemodule;
				VALIDATE_PRODUCT = YES;
			};
			name = Release;
		};
		AB138A932BC3C86200C40A94 /* Debug */ = {
			isa = XCBuildConfiguration;
			buildSettings = {
				ASSETCATALOG_COMPILER_APPICON_NAME = AppIcon;
				ASSETCATALOG_COMPILER_GLOBAL_ACCENT_COLOR_NAME = AccentColor;
				CODE_SIGN_STYLE = Automatic;
				CURRENT_PROJECT_VERSION = 1;
				DEVELOPMENT_TEAM = 56R85U86AZ;
				GENERATE_INFOPLIST_FILE = YES;
				INFOPLIST_FILE = CoreDataTest/Info.plist;
				INFOPLIST_KEY_UIApplicationSupportsIndirectInputEvents = YES;
				INFOPLIST_KEY_UILaunchStoryboardName = LaunchScreen;
				INFOPLIST_KEY_UIMainStoryboardFile = Main;
				INFOPLIST_KEY_UISupportedInterfaceOrientations_iPad = "UIInterfaceOrientationPortrait UIInterfaceOrientationPortraitUpsideDown UIInterfaceOrientationLandscapeLeft UIInterfaceOrientationLandscapeRight";
				INFOPLIST_KEY_UISupportedInterfaceOrientations_iPhone = "UIInterfaceOrientationPortrait UIInterfaceOrientationLandscapeLeft UIInterfaceOrientationLandscapeRight";
				LD_RUNPATH_SEARCH_PATHS = (
					"$(inherited)",
					"@executable_path/Frameworks",
				);
				MARKETING_VERSION = 1.0;
				PRODUCT_BUNDLE_IDENTIFIER = com.seagroups.CoreDataTest;
				PRODUCT_NAME = "$(TARGET_NAME)";
				SWIFT_EMIT_LOC_STRINGS = YES;
				SWIFT_VERSION = 5.0;
				TARGETED_DEVICE_FAMILY = "1,2";
			};
			name = Debug;
		};
		AB138A942BC3C86200C40A94 /* Release */ = {
			isa = XCBuildConfiguration;
			buildSettings = {
				ASSETCATALOG_COMPILER_APPICON_NAME = AppIcon;
				ASSETCATALOG_COMPILER_GLOBAL_ACCENT_COLOR_NAME = AccentColor;
				CODE_SIGN_STYLE = Automatic;
				CURRENT_PROJECT_VERSION = 1;
				DEVELOPMENT_TEAM = 56R85U86AZ;
				GENERATE_INFOPLIST_FILE = YES;
				INFOPLIST_FILE = CoreDataTest/Info.plist;
				INFOPLIST_KEY_UIApplicationSupportsIndirectInputEvents = YES;
				INFOPLIST_KEY_UILaunchStoryboardName = LaunchScreen;
				INFOPLIST_KEY_UIMainStoryboardFile = Main;
				INFOPLIST_KEY_UISupportedInterfaceOrientations_iPad = "UIInterfaceOrientationPortrait UIInterfaceOrientationPortraitUpsideDown UIInterfaceOrientationLandscapeLeft UIInterfaceOrientationLandscapeRight";
				INFOPLIST_KEY_UISupportedInterfaceOrientations_iPhone = "UIInterfaceOrientationPortrait UIInterfaceOrientationLandscapeLeft UIInterfaceOrientationLandscapeRight";
				LD_RUNPATH_SEARCH_PATHS = (
					"$(inherited)",
					"@executable_path/Frameworks",
				);
				MARKETING_VERSION = 1.0;
				PRODUCT_BUNDLE_IDENTIFIER = com.seagroups.CoreDataTest;
				PRODUCT_NAME = "$(TARGET_NAME)";
				SWIFT_EMIT_LOC_STRINGS = YES;
				SWIFT_VERSION = 5.0;
				TARGETED_DEVICE_FAMILY = "1,2";
			};
			name = Release;
		};
		AB138A962BC3C86200C40A94 /* Debug */ = {
			isa = XCBuildConfiguration;
			buildSettings = {
				ALWAYS_EMBED_SWIFT_STANDARD_LIBRARIES = YES;
				BUNDLE_LOADER = "$(TEST_HOST)";
				CODE_SIGN_STYLE = Automatic;
				CURRENT_PROJECT_VERSION = 1;
				DEVELOPMENT_TEAM = 56R85U86AZ;
				GENERATE_INFOPLIST_FILE = YES;
				IPHONEOS_DEPLOYMENT_TARGET = 17.0;
				MARKETING_VERSION = 1.0;
				PRODUCT_BUNDLE_IDENTIFIER = com.seagroups.CoreDataTestTests;
				PRODUCT_NAME = "$(TARGET_NAME)";
				SWIFT_EMIT_LOC_STRINGS = NO;
				SWIFT_VERSION = 5.0;
				TARGETED_DEVICE_FAMILY = "1,2";
				TEST_HOST = "$(BUILT_PRODUCTS_DIR)/CoreDataTest.app/$(BUNDLE_EXECUTABLE_FOLDER_PATH)/CoreDataTest";
			};
			name = Debug;
		};
		AB138A972BC3C86200C40A94 /* Release */ = {
			isa = XCBuildConfiguration;
			buildSettings = {
				ALWAYS_EMBED_SWIFT_STANDARD_LIBRARIES = YES;
				BUNDLE_LOADER = "$(TEST_HOST)";
				CODE_SIGN_STYLE = Automatic;
				CURRENT_PROJECT_VERSION = 1;
				DEVELOPMENT_TEAM = 56R85U86AZ;
				GENERATE_INFOPLIST_FILE = YES;
				IPHONEOS_DEPLOYMENT_TARGET = 17.0;
				MARKETING_VERSION = 1.0;
				PRODUCT_BUNDLE_IDENTIFIER = com.seagroups.CoreDataTestTests;
				PRODUCT_NAME = "$(TARGET_NAME)";
				SWIFT_EMIT_LOC_STRINGS = NO;
				SWIFT_VERSION = 5.0;
				TARGETED_DEVICE_FAMILY = "1,2";
				TEST_HOST = "$(BUILT_PRODUCTS_DIR)/CoreDataTest.app/$(BUNDLE_EXECUTABLE_FOLDER_PATH)/CoreDataTest";
			};
			name = Release;
		};
		AB138A992BC3C86200C40A94 /* Debug */ = {
			isa = XCBuildConfiguration;
			buildSettings = {
				ALWAYS_EMBED_SWIFT_STANDARD_LIBRARIES = YES;
				CODE_SIGN_STYLE = Automatic;
				CURRENT_PROJECT_VERSION = 1;
				DEVELOPMENT_TEAM = 56R85U86AZ;
				GENERATE_INFOPLIST_FILE = YES;
				MARKETING_VERSION = 1.0;
				PRODUCT_BUNDLE_IDENTIFIER = com.seagroups.CoreDataTestUITests;
				PRODUCT_NAME = "$(TARGET_NAME)";
				SWIFT_EMIT_LOC_STRINGS = NO;
				SWIFT_VERSION = 5.0;
				TARGETED_DEVICE_FAMILY = "1,2";
				TEST_TARGET_NAME = CoreDataTest;
			};
			name = Debug;
		};
		AB138A9A2BC3C86200C40A94 /* Release */ = {
			isa = XCBuildConfiguration;
			buildSettings = {
				ALWAYS_EMBED_SWIFT_STANDARD_LIBRARIES = YES;
				CODE_SIGN_STYLE = Automatic;
				CURRENT_PROJECT_VERSION = 1;
				DEVELOPMENT_TEAM = 56R85U86AZ;
				GENERATE_INFOPLIST_FILE = YES;
				MARKETING_VERSION = 1.0;
				PRODUCT_BUNDLE_IDENTIFIER = com.seagroups.CoreDataTestUITests;
				PRODUCT_NAME = "$(TARGET_NAME)";
				SWIFT_EMIT_LOC_STRINGS = NO;
				SWIFT_VERSION = 5.0;
				TARGETED_DEVICE_FAMILY = "1,2";
				TEST_TARGET_NAME = CoreDataTest;
			};
			name = Release;
		};
/* End XCBuildConfiguration section */

/* Begin XCConfigurationList section */
		AB138A602BC3C86000C40A94 /* Build configuration list for PBXProject "CoreDataTest" */ = {
			isa = XCConfigurationList;
			buildConfigurations = (
				AB138A902BC3C86200C40A94 /* Debug */,
				AB138A912BC3C86200C40A94 /* Release */,
			);
			defaultConfigurationIsVisible = 0;
			defaultConfigurationName = Release;
		};
		AB138A922BC3C86200C40A94 /* Build configuration list for PBXNativeTarget "CoreDataTest" */ = {
			isa = XCConfigurationList;
			buildConfigurations = (
				AB138A932BC3C86200C40A94 /* Debug */,
				AB138A942BC3C86200C40A94 /* Release */,
			);
			defaultConfigurationIsVisible = 0;
			defaultConfigurationName = Release;
		};
		AB138A952BC3C86200C40A94 /* Build configuration list for PBXNativeTarget "CoreDataTestTests" */ = {
			isa = XCConfigurationList;
			buildConfigurations = (
				AB138A962BC3C86200C40A94 /* Debug */,
				AB138A972BC3C86200C40A94 /* Release */,
			);
			defaultConfigurationIsVisible = 0;
			defaultConfigurationName = Release;
		};
		AB138A982BC3C86200C40A94 /* Build configuration list for PBXNativeTarget "CoreDataTestUITests" */ = {
			isa = XCConfigurationList;
			buildConfigurations = (
				AB138A992BC3C86200C40A94 /* Debug */,
				AB138A9A2BC3C86200C40A94 /* Release */,
			);
			defaultConfigurationIsVisible = 0;
			defaultConfigurationName = Release;
		};
/* End XCConfigurationList section */

/* Begin XCVersionGroup section */
		AB138A712BC3C86000C40A94 /* CoreDataTest.xcdatamodeld */ = {
			isa = XCVersionGroup;
			children = (
				AB138A9B2BC3CC0E00C40A94 /* CoreDataTest v2.xcdatamodel */,
				AB138A722BC3C86000C40A94 /* CoreDataTest.xcdatamodel */,
			);
			currentVersion = AB138A722BC3C86000C40A94 /* CoreDataTest.xcdatamodel */;
			path = CoreDataTest.xcdatamodeld;
			sourceTree = "<group>";
			versionGroupType = wrapper.xcdatamodel;
		};
		AB754D072C0EABF300E09C4D /* MigrationMeta.xcdatamodeld */ = {
			isa = XCVersionGroup;
			children = (
				AB754D082C0EABF300E09C4D /* MigrationMeta.xcdatamodel */,
			);
			currentVersion = AB754D082C0EABF300E09C4D /* MigrationMeta.xcdatamodel */;
			name = MigrationMeta.xcdatamodeld;
			path = "/Users/kelanjiang/Documents/ShopeeProjects/CoreDataTest/CoreDataTest/Manual Migration/MigrationMeta.xcdatamodeld";
			sourceTree = "<group>";
			versionGroupType = wrapper.xcdatamodel;
		};
/* End XCVersionGroup section */
	};
	rootObject = AB138A5D2BC3C86000C40A94 /* Project object */;
}
